github.com/emicklei/bitmapfont v0.0.0-20181201223003-c2418a17721c h1:SpWrxzGw3xYdw4aTLUuN/esMs1UdFJ3+QJYJs+tPeJ4=
github.com/emicklei/bitmapfont v0.0.0-20181201223003-c2418a17721c/go.mod h1:8Qp3D5BjnDA6jytTjgloIGZoUWRoQtR3K6x//aIPzhw=
github.com/emicklei/bitmapfont v0.2.0 h1:ybRXXmaLDBQzrq5xr+TSVL8WVB9xwww2VaBT108M7ys=
github.com/emicklei/bitmapfont v0.2.0/go.mod h1:obXw3F3bV7efC88s9P73xB+NxS1LwZHWcJBMz3O2SNQ=
github.com/go-gl/gl v0.0.0-20231021071112-07e5d0ea2e71 h1:5BVwOaUSBTlVZowGO6VZGw2H/zl9nrd3eCZfYV+NfQA=
github.com/go-gl/gl v0.0.0-20231021071112-07e5d0ea2e71/go.mod h1:9YTyiznxEY1fVinfM7RvRcjRHbw2xLBJ3AAGIT0I4Nw=
github.com/go-gl/glfw/v3.3/glfw v0.0.0-20240118000515-a250818d05e3 h1:nanQfMsOs3gnuKRm0E5jXWomedE/9YIFXdmHJNZYeqc=
github.com/go-gl/glfw/v3.3/glfw v0.0.0-20240118000515-a250818d05e3/go.mod h1:tQ2UAYgL5IevRw8kRxooKSPJfGvJ9fJQFa0TUsXzTg8=
